
Microsoft Visual Studio Solution File, Format Version 12.00
# Visual Studio 15
VisualStudioVersion = 15.0.28307.1062
MinimumVisualStudioVersion = 10.0.40219.1
Project("{FAE04EC0-301F-11D3-BF4B-00C04F79EFBC}") = "ProEngApp.Android", "ProEngApp\ProEngApp.Android\ProEngApp.Android.csproj", "{24CE3C36-16B9-426D-AA0C-5961ECF8D88C}"
EndProject
Project("{FAE04EC0-301F-11D3-BF4B-00C04F79EFBC}") = "ProEngApp.iOS", "ProEngApp\ProEngApp.iOS\ProEngApp.iOS.csproj", "{BC70A48A-9AB0-4D73-BAB9-30A80DABD206}"
EndProject
Project("{FAE04EC0-301F-11D3-BF4B-00C04F79EFBC}") = "ProEngApp", "ProEngApp\ProEngApp\ProEngApp.csproj", "{70A3666F-099D-4437-9EB9-FA25BBA3DBB0}"
EndProject
Global
	GlobalSection(SolutionConfigurationPlatforms) = preSolution
		Debug|Any CPU = Debug|Any CPU
		Debug|iPhone = Debug|iPhone
		Debug|iPhoneSimulator = Debug|iPhoneSimulator
		Release|Any CPU = Release|Any CPU
		Release|iPhone = Release|iPhone
		Release|iPhoneSimulator = Release|iPhoneSimulator
	EndGlobalSection
	GlobalSection(ProjectConfigurationPlatforms) = postSolution
		{24CE3C36-16B9-426D-AA0C-5961ECF8D88C}.Debug|Any CPU.ActiveCfg = Debug|Any CPU
		{24CE3C36-16B9-426D-AA0C-5961ECF8D88C}.Debug|Any CPU.Build.0 = Debug|Any CPU
		{24CE3C36-16B9-426D-AA0C-5961ECF8D88C}.Debug|Any CPU.Deploy.0 = Debug|Any CPU
		{24CE3C36-16B9-426D-AA0C-5961ECF8D88C}.Debug|iPhone.ActiveCfg = Debug|Any CPU
		{24CE3C36-16B9-426D-AA0C-5961ECF8D88C}.Debug|iPhone.Build.0 = Debug|Any CPU
		{24CE3C36-16B9-426D-AA0C-5961ECF8D88C}.Debug|iPhone.Deploy.0 = Debug|Any CPU
		{24CE3C36-16B9-426D-AA0C-5961ECF8D88C}.Debug|iPhoneSimulator.ActiveCfg = Debug|Any CPU
		{24CE3C36-16B9-426D-AA0C-5961ECF8D88C}.Debug|iPhoneSimulator.Build.0 = Debug|Any CPU
		{24CE3C36-16B9-426D-AA0C-5961ECF8D88C}.Debug|iPhoneSimulator.Deploy.0 = Debug|Any CPU
		{24CE3C36-16B9-426D-AA0C-5961ECF8D88C}.Release|Any CPU.ActiveCfg = Release|Any CPU
		{24CE3C36-16B9-426D-AA0C-5961ECF8D88C}.Release|Any CPU.Build.0 = Release|Any CPU
		{24CE3C36-16B9-426D-AA0C-5961ECF8D88C}.Release|Any CPU.Deploy.0 = Release|Any CPU
		{24CE3C36-16B9-426D-AA0C-5961ECF8D88C}.Release|iPhone.ActiveCfg = Release|Any CPU
		{24CE3C36-16B9-426D-AA0C-5961ECF8D88C}.Release|iPhone.Build.0 = Release|Any CPU
		{24CE3C36-16B9-426D-AA0C-5961ECF8D88C}.Release|iPhone.Deploy.0 = Release|Any CPU
		{24CE3C36-16B9-426D-AA0C-5961ECF8D88C}.Release|iPhoneSimulator.ActiveCfg = Release|Any CPU
		{24CE3C36-16B9-426D-AA0C-5961ECF8D88C}.Release|iPhoneSimulator.Build.0 = Release|Any CPU
		{24CE3C36-16B9-426D-AA0C-5961ECF8D88C}.Release|iPhoneSimulator.Deploy.0 = Release|Any CPU
		{BC70A48A-9AB0-4D73-BAB9-30A80DABD206}.Debug|Any CPU.ActiveCfg = Debug|iPhoneSimulator
		{BC70A48A-9AB0-4D73-BAB9-30A80DABD206}.Debug|Any CPU.Build.0 = Debug|iPhoneSimulator
		{BC70A48A-9AB0-4D73-BAB9-30A80DABD206}.Debug|Any CPU.Deploy.0 = Debug|iPhoneSimulator
		{BC70A48A-9AB0-4D73-BAB9-30A80DABD206}.Debug|iPhone.ActiveCfg = Debug|iPhone
		{BC70A48A-9AB0-4D73-BAB9-30A80DABD206}.Debug|iPhone.Build.0 = Debug|iPhone
		{BC70A48A-9AB0-4D73-BAB9-30A80DABD206}.Debug|iPhone.Deploy.0 = Debug|iPhone
		{BC70A48A-9AB0-4D73-BAB9-30A80DABD206}.Debug|iPhoneSimulator.ActiveCfg = Debug|iPhoneSimulator
		{BC70A48A-9AB0-4D73-BAB9-30A80DABD206}.Debug|iPhoneSimulator.Build.0 = Debug|iPhoneSimulator
		{BC70A48A-9AB0-4D73-BAB9-30A80DABD206}.Debug|iPhoneSimulator.Deploy.0 = Debug|iPhoneSimulator
		{BC70A48A-9AB0-4D73-BAB9-30A80DABD206}.Release|Any CPU.ActiveCfg = Release|iPhone
		{BC70A48A-9AB0-4D73-BAB9-30A80DABD206}.Release|Any CPU.Build.0 = Release|iPhone
		{BC70A48A-9AB0-4D73-BAB9-30A80DABD206}.Release|Any CPU.Deploy.0 = Release|iPhone
		{BC70A48A-9AB0-4D73-BAB9-30A80DABD206}.Release|iPhone.ActiveCfg = Release|iPhone
		{BC70A48A-9AB0-4D73-BAB9-30A80DABD206}.Release|iPhone.Build.0 = Release|iPhone
		{BC70A48A-9AB0-4D73-BAB9-30A80DABD206}.Release|iPhone.Deploy.0 = Release|iPhone
		{BC70A48A-9AB0-4D73-BAB9-30A80DABD206}.Release|iPhoneSimulator.ActiveCfg = Release|iPhoneSimulator
		{BC70A48A-9AB0-4D73-BAB9-30A80DABD206}.Release|iPhoneSimulator.Build.0 = Release|iPhoneSimulator
		{BC70A48A-9AB0-4D73-BAB9-30A80DABD206}.Release|iPhoneSimulator.Deploy.0 = Release|iPhoneSimulator
		{70A3666F-099D-4437-9EB9-FA25BBA3DBB0}.Debug|Any CPU.ActiveCfg = Debug|Any CPU
		{70A3666F-099D-4437-9EB9-FA25BBA3DBB0}.Debug|Any CPU.Build.0 = Debug|Any CPU
		{70A3666F-099D-4437-9EB9-FA25BBA3DBB0}.Debug|Any CPU.Deploy.0 = Debug|Any CPU
		{70A3666F-099D-4437-9EB9-FA25BBA3DBB0}.Debug|iPhone.ActiveCfg = Debug|Any CPU
		{70A3666F-099D-4437-9EB9-FA25BBA3DBB0}.Debug|iPhone.Build.0 = Debug|Any CPU
		{70A3666F-099D-4437-9EB9-FA25BBA3DBB0}.Debug|iPhone.Deploy.0 = Debug|Any CPU
		{70A3666F-099D-4437-9EB9-FA25BBA3DBB0}.Debug|iPhoneSimulator.ActiveCfg = Debug|Any CPU
		{70A3666F-099D-4437-9EB9-FA25BBA3DBB0}.Debug|iPhoneSimulator.Build.0 = Debug|Any CPU
		{70A3666F-099D-4437-9EB9-FA25BBA3DBB0}.Debug|iPhoneSimulator.Deploy.0 = Debug|Any CPU
		{70A3666F-099D-4437-9EB9-FA25BBA3DBB0}.Release|Any CPU.ActiveCfg = Release|Any CPU
		{70A3666F-099D-4437-9EB9-FA25BBA3DBB0}.Release|Any CPU.Build.0 = Release|Any CPU
		{70A3666F-099D-4437-9EB9-FA25BBA3DBB0}.Release|Any CPU.Deploy.0 = Release|Any CPU
		{70A3666F-099D-4437-9EB9-FA25BBA3DBB0}.Release|iPhone.ActiveCfg = Release|Any CPU
		{70A3666F-099D-4437-9EB9-FA25BBA3DBB0}.Release|iPhone.Build.0 = Release|Any CPU
		{70A3666F-099D-4437-9EB9-FA25BBA3DBB0}.Release|iPhone.Deploy.0 = Release|Any CPU
		{70A3666F-099D-4437-9EB9-FA25BBA3DBB0}.Release|iPhoneSimulator.ActiveCfg = Release|Any CPU
		{70A3666F-099D-4437-9EB9-FA25BBA3DBB0}.Release|iPhoneSimulator.Build.0 = Release|Any CPU
		{70A3666F-099D-4437-9EB9-FA25BBA3DBB0}.Release|iPhoneSimulator.Deploy.0 = Release|Any CPU
	EndGlobalSection
	GlobalSection(SolutionProperties) = preSolution
		HideSolutionNode = FALSE
	EndGlobalSection
	GlobalSection(ExtensibilityGlobals) = postSolution
		SolutionGuid = {D04F2710-D9EC-4E0F-AA7D-FA21D9BC028F}
	EndGlobalSection
EndGlobal
