
Microsoft Visual Studio Solution File, Format Version 12.00
# Visual Studio 15
VisualStudioVersion = 15.0.28307.1062
MinimumVisualStudioVersion = 10.0.40219.1
Project("{FAE04EC0-301F-11D3-BF4B-00C04F79EFBC}") = "ProEngApp.Android", "ProEngApp\ProEngApp.Android\ProEngApp.Android.csproj", "{DD9979FB-9361-4F8C-9124-28E39EECB3D8}"
EndProject
Project("{FAE04EC0-301F-11D3-BF4B-00C04F79EFBC}") = "ProEngApp.iOS", "ProEngApp\ProEngApp.iOS\ProEngApp.iOS.csproj", "{7409FA29-E6EB-4344-92A9-A12D308736D6}"
EndProject
Project("{FAE04EC0-301F-11D3-BF4B-00C04F79EFBC}") = "ProEngApp", "ProEngApp\ProEngApp\ProEngApp.csproj", "{FA31476A-4114-4609-9308-13AE3B1871C3}"
EndProject
Global
	GlobalSection(SolutionConfigurationPlatforms) = preSolution
		Ad-Hoc|Any CPU = Ad-Hoc|Any CPU
		Ad-Hoc|iPhone = Ad-Hoc|iPhone
		Ad-Hoc|iPhoneSimulator = Ad-Hoc|iPhoneSimulator
		AppStore|Any CPU = AppStore|Any CPU
		AppStore|iPhone = AppStore|iPhone
		AppStore|iPhoneSimulator = AppStore|iPhoneSimulator
		Debug|Any CPU = Debug|Any CPU
		Debug|iPhone = Debug|iPhone
		Debug|iPhoneSimulator = Debug|iPhoneSimulator
		Release|Any CPU = Release|Any CPU
		Release|iPhone = Release|iPhone
		Release|iPhoneSimulator = Release|iPhoneSimulator
	EndGlobalSection
	GlobalSection(ProjectConfigurationPlatforms) = postSolution
		{DD9979FB-9361-4F8C-9124-28E39EECB3D8}.Ad-Hoc|Any CPU.ActiveCfg = Release|Any CPU
		{DD9979FB-9361-4F8C-9124-28E39EECB3D8}.Ad-Hoc|Any CPU.Build.0 = Release|Any CPU
		{DD9979FB-9361-4F8C-9124-28E39EECB3D8}.Ad-Hoc|Any CPU.Deploy.0 = Release|Any CPU
		{DD9979FB-9361-4F8C-9124-28E39EECB3D8}.Ad-Hoc|iPhone.ActiveCfg = Release|Any CPU
		{DD9979FB-9361-4F8C-9124-28E39EECB3D8}.Ad-Hoc|iPhone.Build.0 = Release|Any CPU
		{DD9979FB-9361-4F8C-9124-28E39EECB3D8}.Ad-Hoc|iPhone.Deploy.0 = Release|Any CPU
		{DD9979FB-9361-4F8C-9124-28E39EECB3D8}.Ad-Hoc|iPhoneSimulator.ActiveCfg = Release|Any CPU
		{DD9979FB-9361-4F8C-9124-28E39EECB3D8}.Ad-Hoc|iPhoneSimulator.Build.0 = Release|Any CPU
		{DD9979FB-9361-4F8C-9124-28E39EECB3D8}.Ad-Hoc|iPhoneSimulator.Deploy.0 = Release|Any CPU
		{DD9979FB-9361-4F8C-9124-28E39EECB3D8}.AppStore|Any CPU.ActiveCfg = Release|Any CPU
		{DD9979FB-9361-4F8C-9124-28E39EECB3D8}.AppStore|Any CPU.Build.0 = Release|Any CPU
		{DD9979FB-9361-4F8C-9124-28E39EECB3D8}.AppStore|Any CPU.Deploy.0 = Release|Any CPU
		{DD9979FB-9361-4F8C-9124-28E39EECB3D8}.AppStore|iPhone.ActiveCfg = Release|Any CPU
		{DD9979FB-9361-4F8C-9124-28E39EECB3D8}.AppStore|iPhone.Build.0 = Release|Any CPU
		{DD9979FB-9361-4F8C-9124-28E39EECB3D8}.AppStore|iPhone.Deploy.0 = Release|Any CPU
		{DD9979FB-9361-4F8C-9124-28E39EECB3D8}.AppStore|iPhoneSimulator.ActiveCfg = Release|Any CPU
		{DD9979FB-9361-4F8C-9124-28E39EECB3D8}.AppStore|iPhoneSimulator.Build.0 = Release|Any CPU
		{DD9979FB-9361-4F8C-9124-28E39EECB3D8}.AppStore|iPhoneSimulator.Deploy.0 = Release|Any CPU
		{DD9979FB-9361-4F8C-9124-28E39EECB3D8}.Debug|Any CPU.ActiveCfg = Debug|Any CPU
		{DD9979FB-9361-4F8C-9124-28E39EECB3D8}.Debug|Any CPU.Build.0 = Debug|Any CPU
		{DD9979FB-9361-4F8C-9124-28E39EECB3D8}.Debug|Any CPU.Deploy.0 = Debug|Any CPU
		{DD9979FB-9361-4F8C-9124-28E39EECB3D8}.Debug|iPhone.ActiveCfg = Debug|Any CPU
		{DD9979FB-9361-4F8C-9124-28E39EECB3D8}.Debug|iPhone.Build.0 = Debug|Any CPU
		{DD9979FB-9361-4F8C-9124-28E39EECB3D8}.Debug|iPhone.Deploy.0 = Debug|Any CPU
		{DD9979FB-9361-4F8C-9124-28E39EECB3D8}.Debug|iPhoneSimulator.ActiveCfg = Debug|Any CPU
		{DD9979FB-9361-4F8C-9124-28E39EECB3D8}.Debug|iPhoneSimulator.Build.0 = Debug|Any CPU
		{DD9979FB-9361-4F8C-9124-28E39EECB3D8}.Debug|iPhoneSimulator.Deploy.0 = Debug|Any CPU
		{DD9979FB-9361-4F8C-9124-28E39EECB3D8}.Release|Any CPU.ActiveCfg = Release|Any CPU
		{DD9979FB-9361-4F8C-9124-28E39EECB3D8}.Release|Any CPU.Build.0 = Release|Any CPU
		{DD9979FB-9361-4F8C-9124-28E39EECB3D8}.Release|Any CPU.Deploy.0 = Release|Any CPU
		{DD9979FB-9361-4F8C-9124-28E39EECB3D8}.Release|iPhone.ActiveCfg = Release|Any CPU
		{DD9979FB-9361-4F8C-9124-28E39EECB3D8}.Release|iPhone.Build.0 = Release|Any CPU
		{DD9979FB-9361-4F8C-9124-28E39EECB3D8}.Release|iPhone.Deploy.0 = Release|Any CPU
		{DD9979FB-9361-4F8C-9124-28E39EECB3D8}.Release|iPhoneSimulator.ActiveCfg = Release|Any CPU
		{DD9979FB-9361-4F8C-9124-28E39EECB3D8}.Release|iPhoneSimulator.Build.0 = Release|Any CPU
		{DD9979FB-9361-4F8C-9124-28E39EECB3D8}.Release|iPhoneSimulator.Deploy.0 = Release|Any CPU
		{7409FA29-E6EB-4344-92A9-A12D308736D6}.Ad-Hoc|Any CPU.ActiveCfg = Ad-Hoc|iPhone
		{7409FA29-E6EB-4344-92A9-A12D308736D6}.Ad-Hoc|Any CPU.Build.0 = Ad-Hoc|iPhone
		{7409FA29-E6EB-4344-92A9-A12D308736D6}.Ad-Hoc|Any CPU.Deploy.0 = Ad-Hoc|iPhone
		{7409FA29-E6EB-4344-92A9-A12D308736D6}.Ad-Hoc|iPhone.ActiveCfg = Ad-Hoc|iPhone
		{7409FA29-E6EB-4344-92A9-A12D308736D6}.Ad-Hoc|iPhone.Build.0 = Ad-Hoc|iPhone
		{7409FA29-E6EB-4344-92A9-A12D308736D6}.Ad-Hoc|iPhone.Deploy.0 = Ad-Hoc|iPhone
		{7409FA29-E6EB-4344-92A9-A12D308736D6}.Ad-Hoc|iPhoneSimulator.ActiveCfg = Ad-Hoc|iPhoneSimulator
		{7409FA29-E6EB-4344-92A9-A12D308736D6}.Ad-Hoc|iPhoneSimulator.Build.0 = Ad-Hoc|iPhoneSimulator
		{7409FA29-E6EB-4344-92A9-A12D308736D6}.Ad-Hoc|iPhoneSimulator.Deploy.0 = Ad-Hoc|iPhoneSimulator
		{7409FA29-E6EB-4344-92A9-A12D308736D6}.AppStore|Any CPU.ActiveCfg = AppStore|iPhone
		{7409FA29-E6EB-4344-92A9-A12D308736D6}.AppStore|Any CPU.Build.0 = AppStore|iPhone
		{7409FA29-E6EB-4344-92A9-A12D308736D6}.AppStore|Any CPU.Deploy.0 = AppStore|iPhone
		{7409FA29-E6EB-4344-92A9-A12D308736D6}.AppStore|iPhone.ActiveCfg = AppStore|iPhone
		{7409FA29-E6EB-4344-92A9-A12D308736D6}.AppStore|iPhone.Build.0 = AppStore|iPhone
		{7409FA29-E6EB-4344-92A9-A12D308736D6}.AppStore|iPhone.Deploy.0 = AppStore|iPhone
		{7409FA29-E6EB-4344-92A9-A12D308736D6}.AppStore|iPhoneSimulator.ActiveCfg = AppStore|iPhoneSimulator
		{7409FA29-E6EB-4344-92A9-A12D308736D6}.AppStore|iPhoneSimulator.Build.0 = AppStore|iPhoneSimulator
		{7409FA29-E6EB-4344-92A9-A12D308736D6}.AppStore|iPhoneSimulator.Deploy.0 = AppStore|iPhoneSimulator
		{7409FA29-E6EB-4344-92A9-A12D308736D6}.Debug|Any CPU.ActiveCfg = Debug|iPhoneSimulator
		{7409FA29-E6EB-4344-92A9-A12D308736D6}.Debug|Any CPU.Build.0 = Debug|iPhoneSimulator
		{7409FA29-E6EB-4344-92A9-A12D308736D6}.Debug|Any CPU.Deploy.0 = Debug|iPhoneSimulator
		{7409FA29-E6EB-4344-92A9-A12D308736D6}.Debug|iPhone.ActiveCfg = Debug|iPhone
		{7409FA29-E6EB-4344-92A9-A12D308736D6}.Debug|iPhone.Build.0 = Debug|iPhone
		{7409FA29-E6EB-4344-92A9-A12D308736D6}.Debug|iPhone.Deploy.0 = Debug|iPhone
		{7409FA29-E6EB-4344-92A9-A12D308736D6}.Debug|iPhoneSimulator.ActiveCfg = Debug|iPhoneSimulator
		{7409FA29-E6EB-4344-92A9-A12D308736D6}.Debug|iPhoneSimulator.Build.0 = Debug|iPhoneSimulator
		{7409FA29-E6EB-4344-92A9-A12D308736D6}.Debug|iPhoneSimulator.Deploy.0 = Debug|iPhoneSimulator
		{7409FA29-E6EB-4344-92A9-A12D308736D6}.Release|Any CPU.ActiveCfg = Release|iPhone
		{7409FA29-E6EB-4344-92A9-A12D308736D6}.Release|Any CPU.Build.0 = Release|iPhone
		{7409FA29-E6EB-4344-92A9-A12D308736D6}.Release|Any CPU.Deploy.0 = Release|iPhone
		{7409FA29-E6EB-4344-92A9-A12D308736D6}.Release|iPhone.ActiveCfg = Release|iPhone
		{7409FA29-E6EB-4344-92A9-A12D308736D6}.Release|iPhone.Build.0 = Release|iPhone
		{7409FA29-E6EB-4344-92A9-A12D308736D6}.Release|iPhone.Deploy.0 = Release|iPhone
		{7409FA29-E6EB-4344-92A9-A12D308736D6}.Release|iPhoneSimulator.ActiveCfg = Release|iPhoneSimulator
		{7409FA29-E6EB-4344-92A9-A12D308736D6}.Release|iPhoneSimulator.Build.0 = Release|iPhoneSimulator
		{7409FA29-E6EB-4344-92A9-A12D308736D6}.Release|iPhoneSimulator.Deploy.0 = Release|iPhoneSimulator
		{FA31476A-4114-4609-9308-13AE3B1871C3}.Ad-Hoc|Any CPU.ActiveCfg = Debug|Any CPU
		{FA31476A-4114-4609-9308-13AE3B1871C3}.Ad-Hoc|Any CPU.Build.0 = Debug|Any CPU
		{FA31476A-4114-4609-9308-13AE3B1871C3}.Ad-Hoc|Any CPU.Deploy.0 = Debug|Any CPU
		{FA31476A-4114-4609-9308-13AE3B1871C3}.Ad-Hoc|iPhone.ActiveCfg = Debug|Any CPU
		{FA31476A-4114-4609-9308-13AE3B1871C3}.Ad-Hoc|iPhone.Build.0 = Debug|Any CPU
		{FA31476A-4114-4609-9308-13AE3B1871C3}.Ad-Hoc|iPhone.Deploy.0 = Debug|Any CPU
		{FA31476A-4114-4609-9308-13AE3B1871C3}.Ad-Hoc|iPhoneSimulator.ActiveCfg = Debug|Any CPU
		{FA31476A-4114-4609-9308-13AE3B1871C3}.Ad-Hoc|iPhoneSimulator.Build.0 = Debug|Any CPU
		{FA31476A-4114-4609-9308-13AE3B1871C3}.Ad-Hoc|iPhoneSimulator.Deploy.0 = Debug|Any CPU
		{FA31476A-4114-4609-9308-13AE3B1871C3}.AppStore|Any CPU.ActiveCfg = Debug|Any CPU
		{FA31476A-4114-4609-9308-13AE3B1871C3}.AppStore|Any CPU.Build.0 = Debug|Any CPU
		{FA31476A-4114-4609-9308-13AE3B1871C3}.AppStore|Any CPU.Deploy.0 = Debug|Any CPU
		{FA31476A-4114-4609-9308-13AE3B1871C3}.AppStore|iPhone.ActiveCfg = Debug|Any CPU
		{FA31476A-4114-4609-9308-13AE3B1871C3}.AppStore|iPhone.Build.0 = Debug|Any CPU
		{FA31476A-4114-4609-9308-13AE3B1871C3}.AppStore|iPhone.Deploy.0 = Debug|Any CPU
		{FA31476A-4114-4609-9308-13AE3B1871C3}.AppStore|iPhoneSimulator.ActiveCfg = Debug|Any CPU
		{FA31476A-4114-4609-9308-13AE3B1871C3}.AppStore|iPhoneSimulator.Build.0 = Debug|Any CPU
		{FA31476A-4114-4609-9308-13AE3B1871C3}.AppStore|iPhoneSimulator.Deploy.0 = Debug|Any CPU
		{FA31476A-4114-4609-9308-13AE3B1871C3}.Debug|Any CPU.ActiveCfg = Debug|Any CPU
		{FA31476A-4114-4609-9308-13AE3B1871C3}.Debug|Any CPU.Build.0 = Debug|Any CPU
		{FA31476A-4114-4609-9308-13AE3B1871C3}.Debug|Any CPU.Deploy.0 = Debug|Any CPU
		{FA31476A-4114-4609-9308-13AE3B1871C3}.Debug|iPhone.ActiveCfg = Debug|Any CPU
		{FA31476A-4114-4609-9308-13AE3B1871C3}.Debug|iPhone.Build.0 = Debug|Any CPU
		{FA31476A-4114-4609-9308-13AE3B1871C3}.Debug|iPhone.Deploy.0 = Debug|Any CPU
		{FA31476A-4114-4609-9308-13AE3B1871C3}.Debug|iPhoneSimulator.ActiveCfg = Debug|Any CPU
		{FA31476A-4114-4609-9308-13AE3B1871C3}.Debug|iPhoneSimulator.Build.0 = Debug|Any CPU
		{FA31476A-4114-4609-9308-13AE3B1871C3}.Debug|iPhoneSimulator.Deploy.0 = Debug|Any CPU
		{FA31476A-4114-4609-9308-13AE3B1871C3}.Release|Any CPU.ActiveCfg = Release|Any CPU
		{FA31476A-4114-4609-9308-13AE3B1871C3}.Release|Any CPU.Build.0 = Release|Any CPU
		{FA31476A-4114-4609-9308-13AE3B1871C3}.Release|Any CPU.Deploy.0 = Release|Any CPU
		{FA31476A-4114-4609-9308-13AE3B1871C3}.Release|iPhone.ActiveCfg = Release|Any CPU
		{FA31476A-4114-4609-9308-13AE3B1871C3}.Release|iPhone.Build.0 = Release|Any CPU
		{FA31476A-4114-4609-9308-13AE3B1871C3}.Release|iPhone.Deploy.0 = Release|Any CPU
		{FA31476A-4114-4609-9308-13AE3B1871C3}.Release|iPhoneSimulator.ActiveCfg = Release|Any CPU
		{FA31476A-4114-4609-9308-13AE3B1871C3}.Release|iPhoneSimulator.Build.0 = Release|Any CPU
		{FA31476A-4114-4609-9308-13AE3B1871C3}.Release|iPhoneSimulator.Deploy.0 = Release|Any CPU
	EndGlobalSection
	GlobalSection(SolutionProperties) = preSolution
		HideSolutionNode = FALSE
	EndGlobalSection
	GlobalSection(ExtensibilityGlobals) = postSolution
		SolutionGuid = {7A457582-C88F-4566-890E-DA487DB341CD}
	EndGlobalSection
EndGlobal
