
Microsoft Visual Studio Solution File, Format Version 12.00
# Visual Studio 15
VisualStudioVersion = 15.0.28307.1062
MinimumVisualStudioVersion = 10.0.40219.1
Project("{FAE04EC0-301F-11D3-BF4B-00C04F79EFBC}") = "ToDo.Test", "ToDo.Test\ToDo.Test.csproj", "{3EEFC5B3-D838-406D-AB16-BFA91514A0F3}"
EndProject
Project("{9A19103F-16F7-4668-BE54-9A1E7A4F7556}") = "ToDoList", "..\ToDoList\ToDoList\ToDoList\ToDoList.csproj", "{10481EB4-3274-494D-AA63-43A228570F1C}"
EndProject
Global
	GlobalSection(SolutionConfigurationPlatforms) = preSolution
		Debug|Any CPU = Debug|Any CPU
		Release|Any CPU = Release|Any CPU
	EndGlobalSection
	GlobalSection(ProjectConfigurationPlatforms) = postSolution
		{3EEFC5B3-D838-406D-AB16-BFA91514A0F3}.Debug|Any CPU.ActiveCfg = Debug|Any CPU
		{3EEFC5B3-D838-406D-AB16-BFA91514A0F3}.Debug|Any CPU.Build.0 = Debug|Any CPU
		{3EEFC5B3-D838-406D-AB16-BFA91514A0F3}.Release|Any CPU.ActiveCfg = Release|Any CPU
		{3EEFC5B3-D838-406D-AB16-BFA91514A0F3}.Release|Any CPU.Build.0 = Release|Any CPU
		{10481EB4-3274-494D-AA63-43A228570F1C}.Debug|Any CPU.ActiveCfg = Debug|Any CPU
		{10481EB4-3274-494D-AA63-43A228570F1C}.Debug|Any CPU.Build.0 = Debug|Any CPU
		{10481EB4-3274-494D-AA63-43A228570F1C}.Release|Any CPU.ActiveCfg = Release|Any CPU
		{10481EB4-3274-494D-AA63-43A228570F1C}.Release|Any CPU.Build.0 = Release|Any CPU
	EndGlobalSection
	GlobalSection(SolutionProperties) = preSolution
		HideSolutionNode = FALSE
	EndGlobalSection
	GlobalSection(ExtensibilityGlobals) = postSolution
		SolutionGuid = {CBE4E34E-22EF-4985-B420-EBD83E901982}
	EndGlobalSection
EndGlobal
