
Microsoft Visual Studio Solution File, Format Version 12.00
# Visual Studio 15
VisualStudioVersion = 15.0.28307.1062
MinimumVisualStudioVersion = 10.0.40219.1
Project("{FAE04EC0-301F-11D3-BF4B-00C04F79EFBC}") = "ToDoList.Android", "ToDoList\ToDoList.Android\ToDoList.Android.csproj", "{24CE3C36-16B9-426D-AA0C-5961ECF8D88C}"
EndProject
Project("{FAE04EC0-301F-11D3-BF4B-00C04F79EFBC}") = "ToDoList.iOS", "ToDoList\ToDoList.iOS\ToDoList.iOS.csproj", "{FEFF43ED-B3C2-4BE2-B902-28DD05E1D466}"
EndProject
Project("{FAE04EC0-301F-11D3-BF4B-00C04F79EFBC}") = "ToDoList", "ToDoList\ToDoList\ToDoList.csproj", "{20D882AF-9936-4FEA-B6DA-3D530CCBD645}"
EndProject
Global
	GlobalSection(SolutionConfigurationPlatforms) = preSolution
		Debug|Any CPU = Debug|Any CPU
		Debug|iPhone = Debug|iPhone
		Debug|iPhoneSimulator = Debug|iPhoneSimulator
		Release|Any CPU = Release|Any CPU
		Release|iPhone = Release|iPhone
		Release|iPhoneSimulator = Release|iPhoneSimulator
	EndGlobalSection
	GlobalSection(ProjectConfigurationPlatforms) = postSolution
		{24CE3C36-16B9-426D-AA0C-5961ECF8D88C}.Debug|Any CPU.ActiveCfg = Debug|Any CPU
		{24CE3C36-16B9-426D-AA0C-5961ECF8D88C}.Debug|Any CPU.Build.0 = Debug|Any CPU
		{24CE3C36-16B9-426D-AA0C-5961ECF8D88C}.Debug|Any CPU.Deploy.0 = Debug|Any CPU
		{24CE3C36-16B9-426D-AA0C-5961ECF8D88C}.Debug|iPhone.ActiveCfg = Debug|Any CPU
		{24CE3C36-16B9-426D-AA0C-5961ECF8D88C}.Debug|iPhone.Build.0 = Debug|Any CPU
		{24CE3C36-16B9-426D-AA0C-5961ECF8D88C}.Debug|iPhone.Deploy.0 = Debug|Any CPU
		{24CE3C36-16B9-426D-AA0C-5961ECF8D88C}.Debug|iPhoneSimulator.ActiveCfg = Debug|Any CPU
		{24CE3C36-16B9-426D-AA0C-5961ECF8D88C}.Debug|iPhoneSimulator.Build.0 = Debug|Any CPU
		{24CE3C36-16B9-426D-AA0C-5961ECF8D88C}.Debug|iPhoneSimulator.Deploy.0 = Debug|Any CPU
		{24CE3C36-16B9-426D-AA0C-5961ECF8D88C}.Release|Any CPU.ActiveCfg = Release|Any CPU
		{24CE3C36-16B9-426D-AA0C-5961ECF8D88C}.Release|Any CPU.Build.0 = Release|Any CPU
		{24CE3C36-16B9-426D-AA0C-5961ECF8D88C}.Release|Any CPU.Deploy.0 = Release|Any CPU
		{24CE3C36-16B9-426D-AA0C-5961ECF8D88C}.Release|iPhone.ActiveCfg = Release|Any CPU
		{24CE3C36-16B9-426D-AA0C-5961ECF8D88C}.Release|iPhone.Build.0 = Release|Any CPU
		{24CE3C36-16B9-426D-AA0C-5961ECF8D88C}.Release|iPhone.Deploy.0 = Release|Any CPU
		{24CE3C36-16B9-426D-AA0C-5961ECF8D88C}.Release|iPhoneSimulator.ActiveCfg = Release|Any CPU
		{24CE3C36-16B9-426D-AA0C-5961ECF8D88C}.Release|iPhoneSimulator.Build.0 = Release|Any CPU
		{24CE3C36-16B9-426D-AA0C-5961ECF8D88C}.Release|iPhoneSimulator.Deploy.0 = Release|Any CPU
		{FEFF43ED-B3C2-4BE2-B902-28DD05E1D466}.Debug|Any CPU.ActiveCfg = Debug|iPhoneSimulator
		{FEFF43ED-B3C2-4BE2-B902-28DD05E1D466}.Debug|Any CPU.Build.0 = Debug|iPhoneSimulator
		{FEFF43ED-B3C2-4BE2-B902-28DD05E1D466}.Debug|Any CPU.Deploy.0 = Debug|iPhoneSimulator
		{FEFF43ED-B3C2-4BE2-B902-28DD05E1D466}.Debug|iPhone.ActiveCfg = Debug|iPhone
		{FEFF43ED-B3C2-4BE2-B902-28DD05E1D466}.Debug|iPhone.Build.0 = Debug|iPhone
		{FEFF43ED-B3C2-4BE2-B902-28DD05E1D466}.Debug|iPhone.Deploy.0 = Debug|iPhone
		{FEFF43ED-B3C2-4BE2-B902-28DD05E1D466}.Debug|iPhoneSimulator.ActiveCfg = Debug|iPhoneSimulator
		{FEFF43ED-B3C2-4BE2-B902-28DD05E1D466}.Debug|iPhoneSimulator.Build.0 = Debug|iPhoneSimulator
		{FEFF43ED-B3C2-4BE2-B902-28DD05E1D466}.Debug|iPhoneSimulator.Deploy.0 = Debug|iPhoneSimulator
		{FEFF43ED-B3C2-4BE2-B902-28DD05E1D466}.Release|Any CPU.ActiveCfg = Release|iPhone
		{FEFF43ED-B3C2-4BE2-B902-28DD05E1D466}.Release|Any CPU.Build.0 = Release|iPhone
		{FEFF43ED-B3C2-4BE2-B902-28DD05E1D466}.Release|Any CPU.Deploy.0 = Release|iPhone
		{FEFF43ED-B3C2-4BE2-B902-28DD05E1D466}.Release|iPhone.ActiveCfg = Release|iPhone
		{FEFF43ED-B3C2-4BE2-B902-28DD05E1D466}.Release|iPhone.Build.0 = Release|iPhone
		{FEFF43ED-B3C2-4BE2-B902-28DD05E1D466}.Release|iPhone.Deploy.0 = Release|iPhone
		{FEFF43ED-B3C2-4BE2-B902-28DD05E1D466}.Release|iPhoneSimulator.ActiveCfg = Release|iPhoneSimulator
		{FEFF43ED-B3C2-4BE2-B902-28DD05E1D466}.Release|iPhoneSimulator.Build.0 = Release|iPhoneSimulator
		{FEFF43ED-B3C2-4BE2-B902-28DD05E1D466}.Release|iPhoneSimulator.Deploy.0 = Release|iPhoneSimulator
		{20D882AF-9936-4FEA-B6DA-3D530CCBD645}.Debug|Any CPU.ActiveCfg = Debug|Any CPU
		{20D882AF-9936-4FEA-B6DA-3D530CCBD645}.Debug|Any CPU.Build.0 = Debug|Any CPU
		{20D882AF-9936-4FEA-B6DA-3D530CCBD645}.Debug|Any CPU.Deploy.0 = Debug|Any CPU
		{20D882AF-9936-4FEA-B6DA-3D530CCBD645}.Debug|iPhone.ActiveCfg = Debug|Any CPU
		{20D882AF-9936-4FEA-B6DA-3D530CCBD645}.Debug|iPhone.Build.0 = Debug|Any CPU
		{20D882AF-9936-4FEA-B6DA-3D530CCBD645}.Debug|iPhone.Deploy.0 = Debug|Any CPU
		{20D882AF-9936-4FEA-B6DA-3D530CCBD645}.Debug|iPhoneSimulator.ActiveCfg = Debug|Any CPU
		{20D882AF-9936-4FEA-B6DA-3D530CCBD645}.Debug|iPhoneSimulator.Build.0 = Debug|Any CPU
		{20D882AF-9936-4FEA-B6DA-3D530CCBD645}.Debug|iPhoneSimulator.Deploy.0 = Debug|Any CPU
		{20D882AF-9936-4FEA-B6DA-3D530CCBD645}.Release|Any CPU.ActiveCfg = Release|Any CPU
		{20D882AF-9936-4FEA-B6DA-3D530CCBD645}.Release|Any CPU.Build.0 = Release|Any CPU
		{20D882AF-9936-4FEA-B6DA-3D530CCBD645}.Release|Any CPU.Deploy.0 = Release|Any CPU
		{20D882AF-9936-4FEA-B6DA-3D530CCBD645}.Release|iPhone.ActiveCfg = Release|Any CPU
		{20D882AF-9936-4FEA-B6DA-3D530CCBD645}.Release|iPhone.Build.0 = Release|Any CPU
		{20D882AF-9936-4FEA-B6DA-3D530CCBD645}.Release|iPhone.Deploy.0 = Release|Any CPU
		{20D882AF-9936-4FEA-B6DA-3D530CCBD645}.Release|iPhoneSimulator.ActiveCfg = Release|Any CPU
		{20D882AF-9936-4FEA-B6DA-3D530CCBD645}.Release|iPhoneSimulator.Build.0 = Release|Any CPU
		{20D882AF-9936-4FEA-B6DA-3D530CCBD645}.Release|iPhoneSimulator.Deploy.0 = Release|Any CPU
	EndGlobalSection
	GlobalSection(SolutionProperties) = preSolution
		HideSolutionNode = FALSE
	EndGlobalSection
	GlobalSection(ExtensibilityGlobals) = postSolution
		SolutionGuid = {85275DAA-3188-4D2E-A680-9C4718C33EE6}
	EndGlobalSection
EndGlobal
